
Microsoft Visual Studio Solution File, Format Version 12.00
# Visual Studio Version 17
VisualStudioVersion = 17.6.33829.357
MinimumVisualStudioVersion = 10.0.40219.1
Project("{FAE04EC0-301F-11D3-BF4B-00C04F79EFBC}") = "CalculoSalario", "CalculoSalario\CalculoSalario.csproj", "{D6CF35B2-FEBD-4BBD-AA2E-893790CCC7F2}"
EndProject
Project("{FAE04EC0-301F-11D3-BF4B-00C04F79EFBC}") = "Ejercicio1", "Ejercicio1\Ejercicio1.csproj", "{078C6CF0-253B-447F-8A72-FA583E506421}"
EndProject
Project("{FAE04EC0-301F-11D3-BF4B-00C04F79EFBC}") = "Ejercicio2", "Ejercicio2\Ejercicio2.csproj", "{04298B2B-BE5F-4A4F-98B9-FC317CCA3599}"
EndProject
Global
	GlobalSection(SolutionConfigurationPlatforms) = preSolution
		Debug|Any CPU = Debug|Any CPU
		Release|Any CPU = Release|Any CPU
	EndGlobalSection
	GlobalSection(ProjectConfigurationPlatforms) = postSolution
		{D6CF35B2-FEBD-4BBD-AA2E-893790CCC7F2}.Debug|Any CPU.ActiveCfg = Debug|Any CPU
		{D6CF35B2-FEBD-4BBD-AA2E-893790CCC7F2}.Debug|Any CPU.Build.0 = Debug|Any CPU
		{D6CF35B2-FEBD-4BBD-AA2E-893790CCC7F2}.Release|Any CPU.ActiveCfg = Release|Any CPU
		{D6CF35B2-FEBD-4BBD-AA2E-893790CCC7F2}.Release|Any CPU.Build.0 = Release|Any CPU
		{078C6CF0-253B-447F-8A72-FA583E506421}.Debug|Any CPU.ActiveCfg = Debug|Any CPU
		{078C6CF0-253B-447F-8A72-FA583E506421}.Debug|Any CPU.Build.0 = Debug|Any CPU
		{078C6CF0-253B-447F-8A72-FA583E506421}.Release|Any CPU.ActiveCfg = Release|Any CPU
		{078C6CF0-253B-447F-8A72-FA583E506421}.Release|Any CPU.Build.0 = Release|Any CPU
		{04298B2B-BE5F-4A4F-98B9-FC317CCA3599}.Debug|Any CPU.ActiveCfg = Debug|Any CPU
		{04298B2B-BE5F-4A4F-98B9-FC317CCA3599}.Debug|Any CPU.Build.0 = Debug|Any CPU
		{04298B2B-BE5F-4A4F-98B9-FC317CCA3599}.Release|Any CPU.ActiveCfg = Release|Any CPU
		{04298B2B-BE5F-4A4F-98B9-FC317CCA3599}.Release|Any CPU.Build.0 = Release|Any CPU
	EndGlobalSection
	GlobalSection(SolutionProperties) = preSolution
		HideSolutionNode = FALSE
	EndGlobalSection
	GlobalSection(ExtensibilityGlobals) = postSolution
		SolutionGuid = {5E924B32-9E28-4567-AFE7-F2ED26895F44}
	EndGlobalSection
EndGlobal
